
Microsoft Visual Studio Solution File, Format Version 12.00
# Visual Studio Version 16
VisualStudioVersion = 16.0.33529.622
MinimumVisualStudioVersion = 10.0.40219.1
Project("{FAE04EC0-301F-11D3-BF4B-00C04F79EFBC}") = "BankProject", "BankProject\BankProject.csproj", "{7B8A28ED-CA7E-46E0-88CA-F1AD3C617F4B}"
EndProject
Project("{FAE04EC0-301F-11D3-BF4B-00C04F79EFBC}") = "Indexators", "Indexators\Indexators.csproj", "{942CEA9B-1540-4D5F-B240-718E1A0AFC03}"
EndProject
Project("{FAE04EC0-301F-11D3-BF4B-00C04F79EFBC}") = "Inheritance", "Inheritance\Inheritance.csproj", "{0D7A4C5B-B69F-49F7-AA90-55375056A405}"
EndProject
Project("{FAE04EC0-301F-11D3-BF4B-00C04F79EFBC}") = "VirtualMeth", "VirtualMeth\VirtualMeth.csproj", "{2CB18189-7419-4FE8-A1EE-E6A152C865D8}"
EndProject
Project("{FAE04EC0-301F-11D3-BF4B-00C04F79EFBC}") = "ClassesInteraction", "ClassesInteraction\ClassesInteraction.csproj", "{93D7E607-B3B1-4FC3-86A4-AB6CAE76686C}"
EndProject
Project("{FAE04EC0-301F-11D3-BF4B-00C04F79EFBC}") = "OverridingMethods", "OverridingMethods\OverridingMethods.csproj", "{0741F4B2-8E5F-4EB4-AE67-B5EC532B5627}"
EndProject
Project("{FAE04EC0-301F-11D3-BF4B-00C04F79EFBC}") = "AbstractProject", "AbstractProject\AbstractProject.csproj", "{77771FCC-BC24-4905-8ED9-6F9A9712A73E}"
EndProject
Project("{FAE04EC0-301F-11D3-BF4B-00C04F79EFBC}") = "Vector3DProject", "Vector3DProject\Vector3DProject.csproj", "{2A5868C8-2DDA-475D-8DA6-7E627DC541DE}"
EndProject
Project("{FAE04EC0-301F-11D3-BF4B-00C04F79EFBC}") = "AnimalProject", "AnimalProject\AnimalProject.csproj", "{2A82EFB9-7933-41C4-B170-F156C2260E2E}"
EndProject
Project("{FAE04EC0-301F-11D3-BF4B-00C04F79EFBC}") = "AutobaseProject", "AutobaseProject\AutobaseProject.csproj", "{2237BB9E-CCB6-4180-8F9E-7565277E5D7E}"
EndProject
Project("{FAE04EC0-301F-11D3-BF4B-00C04F79EFBC}") = "NumberDigitProject", "NumberDigitProject\NumberDigitProject.csproj", "{87AD0BD0-0D15-4263-A8E5-68AC8E23DD02}"
EndProject
Project("{FAE04EC0-301F-11D3-BF4B-00C04F79EFBC}") = "TupleWork", "TupleWork\TupleWork.csproj", "{160ED3F5-7DD9-4B2E-A405-25103C7A1FF6}"
EndProject
Project("{FAE04EC0-301F-11D3-BF4B-00C04F79EFBC}") = "DelegateProject", "DelegateProject\DelegateProject.csproj", "{DB8050FA-47E2-4F44-B5AD-7A9FFAB34484}"
EndProject
Project("{FAE04EC0-301F-11D3-BF4B-00C04F79EFBC}") = "Collections.PartOne", "Collections.PartOne\Collections.PartOne.csproj", "{72243649-B4EE-40CF-8C02-5627868E2EAC}"
EndProject
Project("{FAE04EC0-301F-11D3-BF4B-00C04F79EFBC}") = "Collections.PartTwo", "Collections.PartTwo\Collections.PartTwo.csproj", "{99577B29-CA5E-4714-BDD7-60F0E17E3D88}"
EndProject
Project("{FAE04EC0-301F-11D3-BF4B-00C04F79EFBC}") = "Generics.People", "Generics.People\Generics.People.csproj", "{117AA30A-7CF9-4C0C-BB68-3B8EED819894}"
EndProject
Project("{FAE04EC0-301F-11D3-BF4B-00C04F79EFBC}") = "InterfacesWork.Deep", "InterfacesWork.Deep\InterfacesWork.Deep.csproj", "{172AA0EA-2A91-4725-BEEF-5D42CA8B420A}"
EndProject
Project("{FAE04EC0-301F-11D3-BF4B-00C04F79EFBC}") = "Interfaces.TaskManager", "Interfaces.TaskManager\Interfaces.TaskManager.csproj", "{EF87415F-0745-4F05-A383-D39BC20341EC}"
EndProject
Project("{FAE04EC0-301F-11D3-BF4B-00C04F79EFBC}") = "DelegatesExtended", "DelegatesExtended\DelegatesExtended.csproj", "{36FBEC5D-055D-46D2-86C8-F35ACAA9B040}"
EndProject
Project("{FAE04EC0-301F-11D3-BF4B-00C04F79EFBC}") = "AnimalShelter", "AnimalShelter\AnimalShelter.csproj", "{F10143DA-B99A-4B54-BA2C-29DF00067EC5}"
EndProject
Project("{FAE04EC0-301F-11D3-BF4B-00C04F79EFBC}") = "XLSXClientList", "XLSXClientList\XLSXClientList.csproj", "{099386B8-F71E-4657-AED7-F4B19DAB29B6}"
EndProject
Global
	GlobalSection(SolutionConfigurationPlatforms) = preSolution
		Debug|Any CPU = Debug|Any CPU
		Release|Any CPU = Release|Any CPU
	EndGlobalSection
	GlobalSection(ProjectConfigurationPlatforms) = postSolution
		{7B8A28ED-CA7E-46E0-88CA-F1AD3C617F4B}.Debug|Any CPU.ActiveCfg = Debug|Any CPU
		{7B8A28ED-CA7E-46E0-88CA-F1AD3C617F4B}.Debug|Any CPU.Build.0 = Debug|Any CPU
		{7B8A28ED-CA7E-46E0-88CA-F1AD3C617F4B}.Release|Any CPU.ActiveCfg = Release|Any CPU
		{7B8A28ED-CA7E-46E0-88CA-F1AD3C617F4B}.Release|Any CPU.Build.0 = Release|Any CPU
		{942CEA9B-1540-4D5F-B240-718E1A0AFC03}.Debug|Any CPU.ActiveCfg = Debug|Any CPU
		{942CEA9B-1540-4D5F-B240-718E1A0AFC03}.Debug|Any CPU.Build.0 = Debug|Any CPU
		{942CEA9B-1540-4D5F-B240-718E1A0AFC03}.Release|Any CPU.ActiveCfg = Release|Any CPU
		{942CEA9B-1540-4D5F-B240-718E1A0AFC03}.Release|Any CPU.Build.0 = Release|Any CPU
		{0D7A4C5B-B69F-49F7-AA90-55375056A405}.Debug|Any CPU.ActiveCfg = Debug|Any CPU
		{0D7A4C5B-B69F-49F7-AA90-55375056A405}.Debug|Any CPU.Build.0 = Debug|Any CPU
		{0D7A4C5B-B69F-49F7-AA90-55375056A405}.Release|Any CPU.ActiveCfg = Release|Any CPU
		{0D7A4C5B-B69F-49F7-AA90-55375056A405}.Release|Any CPU.Build.0 = Release|Any CPU
		{2CB18189-7419-4FE8-A1EE-E6A152C865D8}.Debug|Any CPU.ActiveCfg = Debug|Any CPU
		{2CB18189-7419-4FE8-A1EE-E6A152C865D8}.Debug|Any CPU.Build.0 = Debug|Any CPU
		{2CB18189-7419-4FE8-A1EE-E6A152C865D8}.Release|Any CPU.ActiveCfg = Release|Any CPU
		{2CB18189-7419-4FE8-A1EE-E6A152C865D8}.Release|Any CPU.Build.0 = Release|Any CPU
		{93D7E607-B3B1-4FC3-86A4-AB6CAE76686C}.Debug|Any CPU.ActiveCfg = Debug|Any CPU
		{93D7E607-B3B1-4FC3-86A4-AB6CAE76686C}.Debug|Any CPU.Build.0 = Debug|Any CPU
		{93D7E607-B3B1-4FC3-86A4-AB6CAE76686C}.Release|Any CPU.ActiveCfg = Release|Any CPU
		{93D7E607-B3B1-4FC3-86A4-AB6CAE76686C}.Release|Any CPU.Build.0 = Release|Any CPU
		{0741F4B2-8E5F-4EB4-AE67-B5EC532B5627}.Debug|Any CPU.ActiveCfg = Debug|Any CPU
		{0741F4B2-8E5F-4EB4-AE67-B5EC532B5627}.Debug|Any CPU.Build.0 = Debug|Any CPU
		{0741F4B2-8E5F-4EB4-AE67-B5EC532B5627}.Release|Any CPU.ActiveCfg = Release|Any CPU
		{0741F4B2-8E5F-4EB4-AE67-B5EC532B5627}.Release|Any CPU.Build.0 = Release|Any CPU
		{77771FCC-BC24-4905-8ED9-6F9A9712A73E}.Debug|Any CPU.ActiveCfg = Debug|Any CPU
		{77771FCC-BC24-4905-8ED9-6F9A9712A73E}.Debug|Any CPU.Build.0 = Debug|Any CPU
		{77771FCC-BC24-4905-8ED9-6F9A9712A73E}.Release|Any CPU.ActiveCfg = Release|Any CPU
		{77771FCC-BC24-4905-8ED9-6F9A9712A73E}.Release|Any CPU.Build.0 = Release|Any CPU
		{2A5868C8-2DDA-475D-8DA6-7E627DC541DE}.Debug|Any CPU.ActiveCfg = Debug|Any CPU
		{2A5868C8-2DDA-475D-8DA6-7E627DC541DE}.Debug|Any CPU.Build.0 = Debug|Any CPU
		{2A5868C8-2DDA-475D-8DA6-7E627DC541DE}.Release|Any CPU.ActiveCfg = Release|Any CPU
		{2A5868C8-2DDA-475D-8DA6-7E627DC541DE}.Release|Any CPU.Build.0 = Release|Any CPU
		{2A82EFB9-7933-41C4-B170-F156C2260E2E}.Debug|Any CPU.ActiveCfg = Debug|Any CPU
		{2A82EFB9-7933-41C4-B170-F156C2260E2E}.Debug|Any CPU.Build.0 = Debug|Any CPU
		{2A82EFB9-7933-41C4-B170-F156C2260E2E}.Release|Any CPU.ActiveCfg = Release|Any CPU
		{2A82EFB9-7933-41C4-B170-F156C2260E2E}.Release|Any CPU.Build.0 = Release|Any CPU
		{2237BB9E-CCB6-4180-8F9E-7565277E5D7E}.Debug|Any CPU.ActiveCfg = Debug|Any CPU
		{2237BB9E-CCB6-4180-8F9E-7565277E5D7E}.Debug|Any CPU.Build.0 = Debug|Any CPU
		{2237BB9E-CCB6-4180-8F9E-7565277E5D7E}.Release|Any CPU.ActiveCfg = Release|Any CPU
		{2237BB9E-CCB6-4180-8F9E-7565277E5D7E}.Release|Any CPU.Build.0 = Release|Any CPU
		{87AD0BD0-0D15-4263-A8E5-68AC8E23DD02}.Debug|Any CPU.ActiveCfg = Debug|Any CPU
		{87AD0BD0-0D15-4263-A8E5-68AC8E23DD02}.Debug|Any CPU.Build.0 = Debug|Any CPU
		{87AD0BD0-0D15-4263-A8E5-68AC8E23DD02}.Release|Any CPU.ActiveCfg = Release|Any CPU
		{87AD0BD0-0D15-4263-A8E5-68AC8E23DD02}.Release|Any CPU.Build.0 = Release|Any CPU
		{160ED3F5-7DD9-4B2E-A405-25103C7A1FF6}.Debug|Any CPU.ActiveCfg = Debug|Any CPU
		{160ED3F5-7DD9-4B2E-A405-25103C7A1FF6}.Debug|Any CPU.Build.0 = Debug|Any CPU
		{160ED3F5-7DD9-4B2E-A405-25103C7A1FF6}.Release|Any CPU.ActiveCfg = Release|Any CPU
		{160ED3F5-7DD9-4B2E-A405-25103C7A1FF6}.Release|Any CPU.Build.0 = Release|Any CPU
		{DB8050FA-47E2-4F44-B5AD-7A9FFAB34484}.Debug|Any CPU.ActiveCfg = Debug|Any CPU
		{DB8050FA-47E2-4F44-B5AD-7A9FFAB34484}.Debug|Any CPU.Build.0 = Debug|Any CPU
		{DB8050FA-47E2-4F44-B5AD-7A9FFAB34484}.Release|Any CPU.ActiveCfg = Release|Any CPU
		{DB8050FA-47E2-4F44-B5AD-7A9FFAB34484}.Release|Any CPU.Build.0 = Release|Any CPU
		{72243649-B4EE-40CF-8C02-5627868E2EAC}.Debug|Any CPU.ActiveCfg = Debug|Any CPU
		{72243649-B4EE-40CF-8C02-5627868E2EAC}.Debug|Any CPU.Build.0 = Debug|Any CPU
		{72243649-B4EE-40CF-8C02-5627868E2EAC}.Release|Any CPU.ActiveCfg = Release|Any CPU
		{72243649-B4EE-40CF-8C02-5627868E2EAC}.Release|Any CPU.Build.0 = Release|Any CPU
		{99577B29-CA5E-4714-BDD7-60F0E17E3D88}.Debug|Any CPU.ActiveCfg = Debug|Any CPU
		{99577B29-CA5E-4714-BDD7-60F0E17E3D88}.Debug|Any CPU.Build.0 = Debug|Any CPU
		{99577B29-CA5E-4714-BDD7-60F0E17E3D88}.Release|Any CPU.ActiveCfg = Release|Any CPU
		{99577B29-CA5E-4714-BDD7-60F0E17E3D88}.Release|Any CPU.Build.0 = Release|Any CPU
		{117AA30A-7CF9-4C0C-BB68-3B8EED819894}.Debug|Any CPU.ActiveCfg = Debug|Any CPU
		{117AA30A-7CF9-4C0C-BB68-3B8EED819894}.Debug|Any CPU.Build.0 = Debug|Any CPU
		{117AA30A-7CF9-4C0C-BB68-3B8EED819894}.Release|Any CPU.ActiveCfg = Release|Any CPU
		{117AA30A-7CF9-4C0C-BB68-3B8EED819894}.Release|Any CPU.Build.0 = Release|Any CPU
		{172AA0EA-2A91-4725-BEEF-5D42CA8B420A}.Debug|Any CPU.ActiveCfg = Debug|Any CPU
		{172AA0EA-2A91-4725-BEEF-5D42CA8B420A}.Debug|Any CPU.Build.0 = Debug|Any CPU
		{172AA0EA-2A91-4725-BEEF-5D42CA8B420A}.Release|Any CPU.ActiveCfg = Release|Any CPU
		{172AA0EA-2A91-4725-BEEF-5D42CA8B420A}.Release|Any CPU.Build.0 = Release|Any CPU
		{EF87415F-0745-4F05-A383-D39BC20341EC}.Debug|Any CPU.ActiveCfg = Debug|Any CPU
		{EF87415F-0745-4F05-A383-D39BC20341EC}.Debug|Any CPU.Build.0 = Debug|Any CPU
		{EF87415F-0745-4F05-A383-D39BC20341EC}.Release|Any CPU.ActiveCfg = Release|Any CPU
		{EF87415F-0745-4F05-A383-D39BC20341EC}.Release|Any CPU.Build.0 = Release|Any CPU
		{36FBEC5D-055D-46D2-86C8-F35ACAA9B040}.Debug|Any CPU.ActiveCfg = Debug|Any CPU
		{36FBEC5D-055D-46D2-86C8-F35ACAA9B040}.Debug|Any CPU.Build.0 = Debug|Any CPU
		{36FBEC5D-055D-46D2-86C8-F35ACAA9B040}.Release|Any CPU.ActiveCfg = Release|Any CPU
		{36FBEC5D-055D-46D2-86C8-F35ACAA9B040}.Release|Any CPU.Build.0 = Release|Any CPU
		{F10143DA-B99A-4B54-BA2C-29DF00067EC5}.Debug|Any CPU.ActiveCfg = Debug|Any CPU
		{F10143DA-B99A-4B54-BA2C-29DF00067EC5}.Debug|Any CPU.Build.0 = Debug|Any CPU
		{F10143DA-B99A-4B54-BA2C-29DF00067EC5}.Release|Any CPU.ActiveCfg = Release|Any CPU
		{F10143DA-B99A-4B54-BA2C-29DF00067EC5}.Release|Any CPU.Build.0 = Release|Any CPU
		{099386B8-F71E-4657-AED7-F4B19DAB29B6}.Debug|Any CPU.ActiveCfg = Debug|Any CPU
		{099386B8-F71E-4657-AED7-F4B19DAB29B6}.Debug|Any CPU.Build.0 = Debug|Any CPU
		{099386B8-F71E-4657-AED7-F4B19DAB29B6}.Release|Any CPU.ActiveCfg = Release|Any CPU
		{099386B8-F71E-4657-AED7-F4B19DAB29B6}.Release|Any CPU.Build.0 = Release|Any CPU
	EndGlobalSection
	GlobalSection(SolutionProperties) = preSolution
		HideSolutionNode = FALSE
	EndGlobalSection
	GlobalSection(ExtensibilityGlobals) = postSolution
		SolutionGuid = {0B88C0E4-C7AE-46B5-AFA2-C4C750C90E54}
	EndGlobalSection
EndGlobal
